
Microsoft Visual Studio Solution File, Format Version 12.00
# Visual Studio 15
VisualStudioVersion = 15.0.27703.2026
MinimumVisualStudioVersion = 10.0.40219.1
Project("{FAE04EC0-301F-11D3-BF4B-00C04F79EFBC}") = "PracticaLineas", "PracticaLineas\PracticaLineas.csproj", "{D7EBF934-C043-4EEB-AE94-233BE2DD9795}"
EndProject
Global
	GlobalSection(SolutionConfigurationPlatforms) = preSolution
		Debug|Any CPU = Debug|Any CPU
		Release|Any CPU = Release|Any CPU
	EndGlobalSection
	GlobalSection(ProjectConfigurationPlatforms) = postSolution
		{D7EBF934-C043-4EEB-AE94-233BE2DD9795}.Debug|Any CPU.ActiveCfg = Debug|Any CPU
		{D7EBF934-C043-4EEB-AE94-233BE2DD9795}.Debug|Any CPU.Build.0 = Debug|Any CPU
		{D7EBF934-C043-4EEB-AE94-233BE2DD9795}.Release|Any CPU.ActiveCfg = Release|Any CPU
		{D7EBF934-C043-4EEB-AE94-233BE2DD9795}.Release|Any CPU.Build.0 = Release|Any CPU
	EndGlobalSection
	GlobalSection(SolutionProperties) = preSolution
		HideSolutionNode = FALSE
	EndGlobalSection
	GlobalSection(ExtensibilityGlobals) = postSolution
		SolutionGuid = {F9A7918F-4283-4EBB-BDE2-4E29F5089DA0}
	EndGlobalSection
EndGlobal
